
Microsoft Visual Studio Solution File, Format Version 12.00
Project("{FAE04EC0-301F-11D3-BF4B-00C04F79EFBC}") = "ProjektObiektowy", "ProjektObiektowy\ProjektObiektowy.csproj", "{BEAED4E9-E203-4792-8D6E-D904688ABCE0}"
EndProject
Global
	GlobalSection(SolutionConfigurationPlatforms) = preSolution
		Debug|Any CPU = Debug|Any CPU
		Release|Any CPU = Release|Any CPU
	EndGlobalSection
	GlobalSection(ProjectConfigurationPlatforms) = postSolution
		{BEAED4E9-E203-4792-8D6E-D904688ABCE0}.Debug|Any CPU.ActiveCfg = Debug|Any CPU
		{BEAED4E9-E203-4792-8D6E-D904688ABCE0}.Debug|Any CPU.Build.0 = Debug|Any CPU
		{BEAED4E9-E203-4792-8D6E-D904688ABCE0}.Release|Any CPU.ActiveCfg = Release|Any CPU
		{BEAED4E9-E203-4792-8D6E-D904688ABCE0}.Release|Any CPU.Build.0 = Release|Any CPU
	EndGlobalSection
EndGlobal
